
Microsoft Visual Studio Solution File, Format Version 12.00
# Visual Studio 15
VisualStudioVersion = 15.0.28307.960
MinimumVisualStudioVersion = 10.0.40219.1
Project("{8BC9CEB8-8B4A-11D0-8D11-00A0C91BC942}") = "SortingAlgorithms", "SortingAlgorithms.vcxproj", "{A7907162-4D6C-4A58-A9F2-B04AB5D3979E}"
EndProject
Global
	GlobalSection(SolutionConfigurationPlatforms) = preSolution
		Debug|x64 = Debug|x64
		Debug|x86 = Debug|x86
		Release|x64 = Release|x64
		Release|x86 = Release|x86
	EndGlobalSection
	GlobalSection(ProjectConfigurationPlatforms) = postSolution
		{A7907162-4D6C-4A58-A9F2-B04AB5D3979E}.Debug|x64.ActiveCfg = Debug|x64
		{A7907162-4D6C-4A58-A9F2-B04AB5D3979E}.Debug|x64.Build.0 = Debug|x64
		{A7907162-4D6C-4A58-A9F2-B04AB5D3979E}.Debug|x86.ActiveCfg = Debug|Win32
		{A7907162-4D6C-4A58-A9F2-B04AB5D3979E}.Debug|x86.Build.0 = Debug|Win32
		{A7907162-4D6C-4A58-A9F2-B04AB5D3979E}.Release|x64.ActiveCfg = Release|x64
		{A7907162-4D6C-4A58-A9F2-B04AB5D3979E}.Release|x64.Build.0 = Release|x64
		{A7907162-4D6C-4A58-A9F2-B04AB5D3979E}.Release|x86.ActiveCfg = Release|Win32
		{A7907162-4D6C-4A58-A9F2-B04AB5D3979E}.Release|x86.Build.0 = Release|Win32
	EndGlobalSection
	GlobalSection(SolutionProperties) = preSolution
		HideSolutionNode = FALSE
	EndGlobalSection
	GlobalSection(ExtensibilityGlobals) = postSolution
		SolutionGuid = {B9CC2D6B-96E4-461C-8205-4A64100FFD49}
	EndGlobalSection
EndGlobal
